
Microsoft Visual Studio Solution File, Format Version 12.00
# Visual Studio Version 17
VisualStudioVersion = 17.5.33627.172
MinimumVisualStudioVersion = 10.0.40219.1
Project("{9A19103F-16F7-4668-BE54-9A1E7A4F7556}") = "1306210133_BilgenurBilgetay", "1306210133_BilgenurBilgetay.csproj", "{69DC7D9C-D444-4B36-98A9-48AB28C909A7}"
EndProject
Global
	GlobalSection(SolutionConfigurationPlatforms) = preSolution
		Debug|Any CPU = Debug|Any CPU
		Release|Any CPU = Release|Any CPU
	EndGlobalSection
	GlobalSection(ProjectConfigurationPlatforms) = postSolution
		{69DC7D9C-D444-4B36-98A9-48AB28C909A7}.Debug|Any CPU.ActiveCfg = Debug|Any CPU
		{69DC7D9C-D444-4B36-98A9-48AB28C909A7}.Debug|Any CPU.Build.0 = Debug|Any CPU
		{69DC7D9C-D444-4B36-98A9-48AB28C909A7}.Release|Any CPU.ActiveCfg = Release|Any CPU
		{69DC7D9C-D444-4B36-98A9-48AB28C909A7}.Release|Any CPU.Build.0 = Release|Any CPU
	EndGlobalSection
	GlobalSection(SolutionProperties) = preSolution
		HideSolutionNode = FALSE
	EndGlobalSection
	GlobalSection(ExtensibilityGlobals) = postSolution
		SolutionGuid = {76354E18-0BE3-40CB-86D1-86944F1A84A8}
	EndGlobalSection
EndGlobal
